
Microsoft Visual Studio Solution File, Format Version 12.00
# Visual Studio Version 17
VisualStudioVersion = 17.3.32922.545
MinimumVisualStudioVersion = 10.0.40219.1
Project("{2150E333-8FDC-42A3-9474-1A3956D46DE8}") = "Application", "Application", "{87259346-FE21-42F3-A9F6-6FE28D7B44A5}"
EndProject
Project("{2150E333-8FDC-42A3-9474-1A3956D46DE8}") = "Domain", "Domain", "{579BEDED-3573-46B4-802B-8D1CB022B1C3}"
EndProject
Project("{2150E333-8FDC-42A3-9474-1A3956D46DE8}") = "Infrastructure", "Infrastructure", "{DB80975E-23EB-48DE-ABB6-14110F3CB434}"
EndProject
Project("{2150E333-8FDC-42A3-9474-1A3956D46DE8}") = "WebAPI", "WebAPI", "{64283AD8-4018-41A5-B761-7B0B45DCA1EF}"
EndProject
Project("{9A19103F-16F7-4668-BE54-9A1E7A4F7556}") = "VetAppointment.Application", "VetAppointment.Application\VetAppointment.Application.csproj", "{8E0228A9-4372-474C-9987-7C7E0827B816}"
EndProject
Project("{9A19103F-16F7-4668-BE54-9A1E7A4F7556}") = "VetAppointment.Domain", "VetAppointment.Domain\VetAppointment.Domain.csproj", "{4F015077-E76E-4A5C-B455-81A7E74C95C1}"
EndProject
Project("{9A19103F-16F7-4668-BE54-9A1E7A4F7556}") = "VetAppointment.Infrastructure", "VetAppointment.Infrastructure\VetAppointment.Infrastructure.csproj", "{D8B6463E-2AD8-49E5-B4D6-76D9BD775C6D}"
EndProject
Project("{9A19103F-16F7-4668-BE54-9A1E7A4F7556}") = "VetAppointment.WebAPI", "VetAppointment.WebAPI\VetAppointment.WebAPI.csproj", "{B7A8937D-C61E-4E0E-9EF3-03AEA55CA58B}"
EndProject
Project("{2150E333-8FDC-42A3-9474-1A3956D46DE8}") = "Test", "Test", "{9F50EC12-D8A4-4FF2-914E-FD9DAB3B42C1}"
EndProject
Project("{9A19103F-16F7-4668-BE54-9A1E7A4F7556}") = "VetAppointment.Tests", "VetAppointment.Domain.Tests\VetAppointment.Tests.csproj", "{6FDD0C8D-8FCE-4276-A396-49291AAA82AA}"
EndProject
Global
	GlobalSection(SolutionConfigurationPlatforms) = preSolution
		Debug|Any CPU = Debug|Any CPU
		Release|Any CPU = Release|Any CPU
	EndGlobalSection
	GlobalSection(ProjectConfigurationPlatforms) = postSolution
		{8E0228A9-4372-474C-9987-7C7E0827B816}.Debug|Any CPU.ActiveCfg = Debug|Any CPU
		{8E0228A9-4372-474C-9987-7C7E0827B816}.Debug|Any CPU.Build.0 = Debug|Any CPU
		{8E0228A9-4372-474C-9987-7C7E0827B816}.Release|Any CPU.ActiveCfg = Release|Any CPU
		{8E0228A9-4372-474C-9987-7C7E0827B816}.Release|Any CPU.Build.0 = Release|Any CPU
		{4F015077-E76E-4A5C-B455-81A7E74C95C1}.Debug|Any CPU.ActiveCfg = Debug|Any CPU
		{4F015077-E76E-4A5C-B455-81A7E74C95C1}.Debug|Any CPU.Build.0 = Debug|Any CPU
		{4F015077-E76E-4A5C-B455-81A7E74C95C1}.Release|Any CPU.ActiveCfg = Release|Any CPU
		{4F015077-E76E-4A5C-B455-81A7E74C95C1}.Release|Any CPU.Build.0 = Release|Any CPU
		{D8B6463E-2AD8-49E5-B4D6-76D9BD775C6D}.Debug|Any CPU.ActiveCfg = Debug|Any CPU
		{D8B6463E-2AD8-49E5-B4D6-76D9BD775C6D}.Debug|Any CPU.Build.0 = Debug|Any CPU
		{D8B6463E-2AD8-49E5-B4D6-76D9BD775C6D}.Release|Any CPU.ActiveCfg = Release|Any CPU
		{D8B6463E-2AD8-49E5-B4D6-76D9BD775C6D}.Release|Any CPU.Build.0 = Release|Any CPU
		{B7A8937D-C61E-4E0E-9EF3-03AEA55CA58B}.Debug|Any CPU.ActiveCfg = Debug|Any CPU
		{B7A8937D-C61E-4E0E-9EF3-03AEA55CA58B}.Debug|Any CPU.Build.0 = Debug|Any CPU
		{B7A8937D-C61E-4E0E-9EF3-03AEA55CA58B}.Release|Any CPU.ActiveCfg = Release|Any CPU
		{B7A8937D-C61E-4E0E-9EF3-03AEA55CA58B}.Release|Any CPU.Build.0 = Release|Any CPU
		{6FDD0C8D-8FCE-4276-A396-49291AAA82AA}.Debug|Any CPU.ActiveCfg = Debug|Any CPU
		{6FDD0C8D-8FCE-4276-A396-49291AAA82AA}.Debug|Any CPU.Build.0 = Debug|Any CPU
		{6FDD0C8D-8FCE-4276-A396-49291AAA82AA}.Release|Any CPU.ActiveCfg = Release|Any CPU
		{6FDD0C8D-8FCE-4276-A396-49291AAA82AA}.Release|Any CPU.Build.0 = Release|Any CPU
	EndGlobalSection
	GlobalSection(SolutionProperties) = preSolution
		HideSolutionNode = FALSE
	EndGlobalSection
	GlobalSection(NestedProjects) = preSolution
		{8E0228A9-4372-474C-9987-7C7E0827B816} = {87259346-FE21-42F3-A9F6-6FE28D7B44A5}
		{4F015077-E76E-4A5C-B455-81A7E74C95C1} = {579BEDED-3573-46B4-802B-8D1CB022B1C3}
		{D8B6463E-2AD8-49E5-B4D6-76D9BD775C6D} = {DB80975E-23EB-48DE-ABB6-14110F3CB434}
		{B7A8937D-C61E-4E0E-9EF3-03AEA55CA58B} = {64283AD8-4018-41A5-B761-7B0B45DCA1EF}
		{6FDD0C8D-8FCE-4276-A396-49291AAA82AA} = {9F50EC12-D8A4-4FF2-914E-FD9DAB3B42C1}
	EndGlobalSection
	GlobalSection(ExtensibilityGlobals) = postSolution
		SolutionGuid = {4E31D744-DF31-4708-A8EC-8060B5F7B4FE}
	EndGlobalSection
EndGlobal
